// !$*UTF8*$!
{
	archiveVersion = 1;
	classes = {
	};
	objectVersion = 50;
	objects = {

/* Begin PBXBuildFile section */
		44D5A7822259378D000611F9 /* AppDelegate.swift in Sources */ = {isa = PBXBuildFile; fileRef = 44D5A7812259378D000611F9 /* AppDelegate.swift */; };
		44D5A7842259378D000611F9 /* ViewController.swift in Sources */ = {isa = PBXBuildFile; fileRef = 44D5A7832259378D000611F9 /* ViewController.swift */; };
		44D5A7892259378F000611F9 /* Assets.xcassets in Resources */ = {isa = PBXBuildFile; fileRef = 44D5A7882259378F000611F9 /* Assets.xcassets */; };
		44D5A78C2259378F000611F9 /* LaunchScreen.storyboard in Resources */ = {isa = PBXBuildFile; fileRef = 44D5A78A2259378F000611F9 /* LaunchScreen.storyboard */; };
		44D5A7992259393E000611F9 /* ParameterEncoding.swift in Sources */ = {isa = PBXBuildFile; fileRef = 44D5A7982259393E000611F9 /* ParameterEncoding.swift */; };
		44D5A79B22593958000611F9 /* URLParameterEcnoding.swift in Sources */ = {isa = PBXBuildFile; fileRef = 44D5A79A22593958000611F9 /* URLParameterEcnoding.swift */; };
		44D5A79D22593964000611F9 /* JSONParameterEncoder.swift in Sources */ = {isa = PBXBuildFile; fileRef = 44D5A79C22593964000611F9 /* JSONParameterEncoder.swift */; };
		44D5A79F225939A1000611F9 /* HTTPMethod.swift in Sources */ = {isa = PBXBuildFile; fileRef = 44D5A79E225939A1000611F9 /* HTTPMethod.swift */; };
		44D5A7A1225939CC000611F9 /* HTTPTask.swift in Sources */ = {isa = PBXBuildFile; fileRef = 44D5A7A0225939CC000611F9 /* HTTPTask.swift */; };
		44D5A7A3225939D1000611F9 /* NetworkRouter.swift in Sources */ = {isa = PBXBuildFile; fileRef = 44D5A7A2225939D1000611F9 /* NetworkRouter.swift */; };
		44D5A7A5225939E6000611F9 /* Router.swift in Sources */ = {isa = PBXBuildFile; fileRef = 44D5A7A4225939E6000611F9 /* Router.swift */; };
		44D5A7A722593A61000611F9 /* EndPointTypeProtocol.swift in Sources */ = {isa = PBXBuildFile; fileRef = 44D5A7A622593A61000611F9 /* EndPointTypeProtocol.swift */; };
		44D5A7A922593A9C000611F9 /* NetworkManager.swift in Sources */ = {isa = PBXBuildFile; fileRef = 44D5A7A822593A9C000611F9 /* NetworkManager.swift */; };
		44D5A7AB225940D6000611F9 /* LoginLandingPage.swift in Sources */ = {isa = PBXBuildFile; fileRef = 44D5A7AA225940D6000611F9 /* LoginLandingPage.swift */; };
		44D5A7B02259422B000611F9 /* LandingPageViews.swift in Sources */ = {isa = PBXBuildFile; fileRef = 44D5A7AF2259422B000611F9 /* LandingPageViews.swift */; };
		44D5A7B3225942EF000611F9 /* UserInputTextField.swift in Sources */ = {isa = PBXBuildFile; fileRef = 44D5A7B2225942EF000611F9 /* UserInputTextField.swift */; };
		44D5A7B5225944F5000611F9 /* LoginStackView.swift in Sources */ = {isa = PBXBuildFile; fileRef = 44D5A7B4225944F5000611F9 /* LoginStackView.swift */; };
		44D5A7B722594A9D000611F9 /* LoginButton.swift in Sources */ = {isa = PBXBuildFile; fileRef = 44D5A7B622594A9D000611F9 /* LoginButton.swift */; };
		44D5A7B922594E32000611F9 /* HelperExtension.swift in Sources */ = {isa = PBXBuildFile; fileRef = 44D5A7B822594E32000611F9 /* HelperExtension.swift */; };
		44D5A7BB225950FE000611F9 /* SignUpButton.swift in Sources */ = {isa = PBXBuildFile; fileRef = 44D5A7BA225950FE000611F9 /* SignUpButton.swift */; };
		44D5A7BE2259541A000611F9 /* SignupViews.swift in Sources */ = {isa = PBXBuildFile; fileRef = 44D5A7BD2259541A000611F9 /* SignupViews.swift */; };
		44D5A7C0225954FE000611F9 /* NameStack.swift in Sources */ = {isa = PBXBuildFile; fileRef = 44D5A7BF225954FE000611F9 /* NameStack.swift */; };
		44D5A7C2225957E8000611F9 /* TypeOfUserViewController.swift in Sources */ = {isa = PBXBuildFile; fileRef = 44D5A7C1225957E8000611F9 /* TypeOfUserViewController.swift */; };
		44D5A7C522595D95000611F9 /* VolunteerViewController.swift in Sources */ = {isa = PBXBuildFile; fileRef = 44D5A7C422595D95000611F9 /* VolunteerViewController.swift */; };
		44D5A7C722595DA3000611F9 /* RestaurantOwnerViewController.swift in Sources */ = {isa = PBXBuildFile; fileRef = 44D5A7C622595DA3000611F9 /* RestaurantOwnerViewController.swift */; };
		44D5A7C922595E92000611F9 /* OuterStackView.swift in Sources */ = {isa = PBXBuildFile; fileRef = 44D5A7C822595E92000611F9 /* OuterStackView.swift */; };
		44D5A7CB22596AEC000611F9 /* BackButton.swift in Sources */ = {isa = PBXBuildFile; fileRef = 44D5A7CA22596AEC000611F9 /* BackButton.swift */; };
		44D5A7CD2259742A000611F9 /* HomeScreen.swift in Sources */ = {isa = PBXBuildFile; fileRef = 44D5A7CC2259742A000611F9 /* HomeScreen.swift */; };
		44D5A7CF2259AFF1000611F9 /* UserModel.swift in Sources */ = {isa = PBXBuildFile; fileRef = 44D5A7CE2259AFF1000611F9 /* UserModel.swift */; };
/* End PBXBuildFile section */

/* Begin PBXFileReference section */
		44D5A77E2259378C000611F9 /* ZeroHungerSF.app */ = {isa = PBXFileReference; explicitFileType = wrapper.application; includeInIndex = 0; path = ZeroHungerSF.app; sourceTree = BUILT_PRODUCTS_DIR; };
		44D5A7812259378D000611F9 /* AppDelegate.swift */ = {isa = PBXFileReference; lastKnownFileType = sourcecode.swift; path = AppDelegate.swift; sourceTree = "<group>"; };
		44D5A7832259378D000611F9 /* ViewController.swift */ = {isa = PBXFileReference; lastKnownFileType = sourcecode.swift; path = ViewController.swift; sourceTree = "<group>"; };
		44D5A7882259378F000611F9 /* Assets.xcassets */ = {isa = PBXFileReference; lastKnownFileType = folder.assetcatalog; path = Assets.xcassets; sourceTree = "<group>"; };
		44D5A78B2259378F000611F9 /* Base */ = {isa = PBXFileReference; lastKnownFileType = file.storyboard; name = Base; path = Base.lproj/LaunchScreen.storyboard; sourceTree = "<group>"; };
		44D5A78D2259378F000611F9 /* Info.plist */ = {isa = PBXFileReference; lastKnownFileType = text.plist.xml; path = Info.plist; sourceTree = "<group>"; };
		44D5A7982259393E000611F9 /* ParameterEncoding.swift */ = {isa = PBXFileReference; lastKnownFileType = sourcecode.swift; path = ParameterEncoding.swift; sourceTree = "<group>"; };
		44D5A79A22593958000611F9 /* URLParameterEcnoding.swift */ = {isa = PBXFileReference; lastKnownFileType = sourcecode.swift; path = URLParameterEcnoding.swift; sourceTree = "<group>"; };
		44D5A79C22593964000611F9 /* JSONParameterEncoder.swift */ = {isa = PBXFileReference; lastKnownFileType = sourcecode.swift; path = JSONParameterEncoder.swift; sourceTree = "<group>"; };
		44D5A79E225939A1000611F9 /* HTTPMethod.swift */ = {isa = PBXFileReference; lastKnownFileType = sourcecode.swift; path = HTTPMethod.swift; sourceTree = "<group>"; };
		44D5A7A0225939CC000611F9 /* HTTPTask.swift */ = {isa = PBXFileReference; lastKnownFileType = sourcecode.swift; path = HTTPTask.swift; sourceTree = "<group>"; };
		44D5A7A2225939D1000611F9 /* NetworkRouter.swift */ = {isa = PBXFileReference; lastKnownFileType = sourcecode.swift; path = NetworkRouter.swift; sourceTree = "<group>"; };
		44D5A7A4225939E6000611F9 /* Router.swift */ = {isa = PBXFileReference; lastKnownFileType = sourcecode.swift; path = Router.swift; sourceTree = "<group>"; };
		44D5A7A622593A61000611F9 /* EndPointTypeProtocol.swift */ = {isa = PBXFileReference; lastKnownFileType = sourcecode.swift; path = EndPointTypeProtocol.swift; sourceTree = "<group>"; };
		44D5A7A822593A9C000611F9 /* NetworkManager.swift */ = {isa = PBXFileReference; lastKnownFileType = sourcecode.swift; path = NetworkManager.swift; sourceTree = "<group>"; };
		44D5A7AA225940D6000611F9 /* LoginLandingPage.swift */ = {isa = PBXFileReference; lastKnownFileType = sourcecode.swift; path = LoginLandingPage.swift; sourceTree = "<group>"; };
		44D5A7AF2259422B000611F9 /* LandingPageViews.swift */ = {isa = PBXFileReference; lastKnownFileType = sourcecode.swift; path = LandingPageViews.swift; sourceTree = "<group>"; };
		44D5A7B2225942EF000611F9 /* UserInputTextField.swift */ = {isa = PBXFileReference; lastKnownFileType = sourcecode.swift; path = UserInputTextField.swift; sourceTree = "<group>"; };
		44D5A7B4225944F5000611F9 /* LoginStackView.swift */ = {isa = PBXFileReference; lastKnownFileType = sourcecode.swift; path = LoginStackView.swift; sourceTree = "<group>"; };
		44D5A7B622594A9D000611F9 /* LoginButton.swift */ = {isa = PBXFileReference; lastKnownFileType = sourcecode.swift; path = LoginButton.swift; sourceTree = "<group>"; };
		44D5A7B822594E32000611F9 /* HelperExtension.swift */ = {isa = PBXFileReference; lastKnownFileType = sourcecode.swift; path = HelperExtension.swift; sourceTree = "<group>"; };
		44D5A7BA225950FE000611F9 /* SignUpButton.swift */ = {isa = PBXFileReference; lastKnownFileType = sourcecode.swift; path = SignUpButton.swift; sourceTree = "<group>"; };
		44D5A7BD2259541A000611F9 /* SignupViews.swift */ = {isa = PBXFileReference; lastKnownFileType = sourcecode.swift; path = SignupViews.swift; sourceTree = "<group>"; };
		44D5A7BF225954FE000611F9 /* NameStack.swift */ = {isa = PBXFileReference; lastKnownFileType = sourcecode.swift; path = NameStack.swift; sourceTree = "<group>"; };
		44D5A7C1225957E8000611F9 /* TypeOfUserViewController.swift */ = {isa = PBXFileReference; lastKnownFileType = sourcecode.swift; path = TypeOfUserViewController.swift; sourceTree = "<group>"; };
		44D5A7C422595D95000611F9 /* VolunteerViewController.swift */ = {isa = PBXFileReference; lastKnownFileType = sourcecode.swift; path = VolunteerViewController.swift; sourceTree = "<group>"; };
		44D5A7C622595DA3000611F9 /* RestaurantOwnerViewController.swift */ = {isa = PBXFileReference; lastKnownFileType = sourcecode.swift; path = RestaurantOwnerViewController.swift; sourceTree = "<group>"; };
		44D5A7C822595E92000611F9 /* OuterStackView.swift */ = {isa = PBXFileReference; lastKnownFileType = sourcecode.swift; path = OuterStackView.swift; sourceTree = "<group>"; };
		44D5A7CA22596AEC000611F9 /* BackButton.swift */ = {isa = PBXFileReference; lastKnownFileType = sourcecode.swift; path = BackButton.swift; sourceTree = "<group>"; };
		44D5A7CC2259742A000611F9 /* HomeScreen.swift */ = {isa = PBXFileReference; lastKnownFileType = sourcecode.swift; path = HomeScreen.swift; sourceTree = "<group>"; };
		44D5A7CE2259AFF1000611F9 /* UserModel.swift */ = {isa = PBXFileReference; lastKnownFileType = sourcecode.swift; path = UserModel.swift; sourceTree = "<group>"; };
/* End PBXFileReference section */

/* Begin PBXFrameworksBuildPhase section */
		44D5A77B2259378C000611F9 /* Frameworks */ = {
			isa = PBXFrameworksBuildPhase;
			buildActionMask = 2147483647;
			files = (
			);
			runOnlyForDeploymentPostprocessing = 0;
		};
/* End PBXFrameworksBuildPhase section */

/* Begin PBXGroup section */
		44D5A7752259378C000611F9 = {
			isa = PBXGroup;
			children = (
				44D5A7802259378C000611F9 /* ZeroHungerSF */,
				44D5A77F2259378C000611F9 /* Products */,
			);
			sourceTree = "<group>";
		};
		44D5A77F2259378C000611F9 /* Products */ = {
			isa = PBXGroup;
			children = (
				44D5A77E2259378C000611F9 /* ZeroHungerSF.app */,
			);
			name = Products;
			sourceTree = "<group>";
		};
		44D5A7802259378C000611F9 /* ZeroHungerSF */ = {
			isa = PBXGroup;
			children = (
				44D5A7AD225940F7000611F9 /* Model */,
				44D5A7AC225940F0000611F9 /* Controllers */,
				44D5A793225938D9000611F9 /* Networking */,
				44D5A7AE225940FD000611F9 /* Views */,
				44D5A7812259378D000611F9 /* AppDelegate.swift */,
				44D5A7B822594E32000611F9 /* HelperExtension.swift */,
				44D5A7882259378F000611F9 /* Assets.xcassets */,
				44D5A78A2259378F000611F9 /* LaunchScreen.storyboard */,
				44D5A78D2259378F000611F9 /* Info.plist */,
			);
			path = ZeroHungerSF;
			sourceTree = "<group>";
		};
		44D5A793225938D9000611F9 /* Networking */ = {
			isa = PBXGroup;
			children = (
				44D5A7972259390E000611F9 /* Endpoint */,
				44D5A796225938F5000611F9 /* Encoding */,
				44D5A795225938EC000611F9 /* Manager */,
				44D5A794225938E3000611F9 /* Service */,
			);
			path = Networking;
			sourceTree = "<group>";
		};
		44D5A794225938E3000611F9 /* Service */ = {
			isa = PBXGroup;
			children = (
				44D5A79E225939A1000611F9 /* HTTPMethod.swift */,
				44D5A7A0225939CC000611F9 /* HTTPTask.swift */,
				44D5A7A2225939D1000611F9 /* NetworkRouter.swift */,
				44D5A7A4225939E6000611F9 /* Router.swift */,
			);
			path = Service;
			sourceTree = "<group>";
		};
		44D5A795225938EC000611F9 /* Manager */ = {
			isa = PBXGroup;
			children = (
				44D5A7A822593A9C000611F9 /* NetworkManager.swift */,
			);
			path = Manager;
			sourceTree = "<group>";
		};
		44D5A796225938F5000611F9 /* Encoding */ = {
			isa = PBXGroup;
			children = (
				44D5A7982259393E000611F9 /* ParameterEncoding.swift */,
				44D5A79A22593958000611F9 /* URLParameterEcnoding.swift */,
				44D5A79C22593964000611F9 /* JSONParameterEncoder.swift */,
			);
			path = Encoding;
			sourceTree = "<group>";
		};
		44D5A7972259390E000611F9 /* Endpoint */ = {
			isa = PBXGroup;
			children = (
				44D5A7A622593A61000611F9 /* EndPointTypeProtocol.swift */,
			);
			path = Endpoint;
			sourceTree = "<group>";
		};
		44D5A7AC225940F0000611F9 /* Controllers */ = {
			isa = PBXGroup;
			children = (
				44D5A7832259378D000611F9 /* ViewController.swift */,
				44D5A7AA225940D6000611F9 /* LoginLandingPage.swift */,
				44D5A7CC2259742A000611F9 /* HomeScreen.swift */,
				44D5A7C322595D6E000611F9 /* SignupViewControllers */,
			);
			path = Controllers;
			sourceTree = "<group>";
		};
		44D5A7AD225940F7000611F9 /* Model */ = {
			isa = PBXGroup;
			children = (
				44D5A7CE2259AFF1000611F9 /* UserModel.swift */,
			);
			path = Model;
			sourceTree = "<group>";
		};
		44D5A7AE225940FD000611F9 /* Views */ = {
			isa = PBXGroup;
			children = (
				44D5A7BC225953F1000611F9 /* SignupViews */,
				44D5A7B12259423A000611F9 /* LandingPage */,
				44D5A7CA22596AEC000611F9 /* BackButton.swift */,
			);
			path = Views;
			sourceTree = "<group>";
		};
		44D5A7B12259423A000611F9 /* LandingPage */ = {
			isa = PBXGroup;
			children = (
				44D5A7AF2259422B000611F9 /* LandingPageViews.swift */,
				44D5A7B2225942EF000611F9 /* UserInputTextField.swift */,
				44D5A7B4225944F5000611F9 /* LoginStackView.swift */,
				44D5A7B622594A9D000611F9 /* LoginButton.swift */,
				44D5A7BA225950FE000611F9 /* SignUpButton.swift */,
			);
			path = LandingPage;
			sourceTree = "<group>";
		};
		44D5A7BC225953F1000611F9 /* SignupViews */ = {
			isa = PBXGroup;
			children = (
				44D5A7BD2259541A000611F9 /* SignupViews.swift */,
				44D5A7C822595E92000611F9 /* OuterStackView.swift */,
				44D5A7BF225954FE000611F9 /* NameStack.swift */,
			);
			path = SignupViews;
			sourceTree = "<group>";
		};
		44D5A7C322595D6E000611F9 /* SignupViewControllers */ = {
			isa = PBXGroup;
			children = (
				44D5A7C1225957E8000611F9 /* TypeOfUserViewController.swift */,
				44D5A7C422595D95000611F9 /* VolunteerViewController.swift */,
				44D5A7C622595DA3000611F9 /* RestaurantOwnerViewController.swift */,
			);
			path = SignupViewControllers;
			sourceTree = "<group>";
		};
/* End PBXGroup section */

/* Begin PBXNativeTarget section */
		44D5A77D2259378C000611F9 /* ZeroHungerSF */ = {
			isa = PBXNativeTarget;
			buildConfigurationList = 44D5A7902259378F000611F9 /* Build configuration list for PBXNativeTarget "ZeroHungerSF" */;
			buildPhases = (
				44D5A77A2259378C000611F9 /* Sources */,
				44D5A77B2259378C000611F9 /* Frameworks */,
				44D5A77C2259378C000611F9 /* Resources */,
			);
			buildRules = (
			);
			dependencies = (
			);
			name = ZeroHungerSF;
			productName = ZeroHungerSF;
			productReference = 44D5A77E2259378C000611F9 /* ZeroHungerSF.app */;
			productType = "com.apple.product-type.application";
		};
/* End PBXNativeTarget section */

/* Begin PBXProject section */
		44D5A7762259378C000611F9 /* Project object */ = {
			isa = PBXProject;
			attributes = {
				LastSwiftUpdateCheck = 1020;
				LastUpgradeCheck = 1020;
				ORGANIZATIONNAME = "Jackson Ho";
				TargetAttributes = {
					44D5A77D2259378C000611F9 = {
						CreatedOnToolsVersion = 10.2;
					};
				};
			};
			buildConfigurationList = 44D5A7792259378C000611F9 /* Build configuration list for PBXProject "ZeroHungerSF" */;
			compatibilityVersion = "Xcode 9.3";
			developmentRegion = en;
			hasScannedForEncodings = 0;
			knownRegions = (
				en,
				Base,
			);
			mainGroup = 44D5A7752259378C000611F9;
			productRefGroup = 44D5A77F2259378C000611F9 /* Products */;
			projectDirPath = "";
			projectRoot = "";
			targets = (
				44D5A77D2259378C000611F9 /* ZeroHungerSF */,
			);
		};
/* End PBXProject section */

/* Begin PBXResourcesBuildPhase section */
		44D5A77C2259378C000611F9 /* Resources */ = {
			isa = PBXResourcesBuildPhase;
			buildActionMask = 2147483647;
			files = (
				44D5A78C2259378F000611F9 /* LaunchScreen.storyboard in Resources */,
				44D5A7892259378F000611F9 /* Assets.xcassets in Resources */,
			);
			runOnlyForDeploymentPostprocessing = 0;
		};
/* End PBXResourcesBuildPhase section */

/* Begin PBXSourcesBuildPhase section */
		44D5A77A2259378C000611F9 /* Sources */ = {
			isa = PBXSourcesBuildPhase;
			buildActionMask = 2147483647;
			files = (
				44D5A7C2225957E8000611F9 /* TypeOfUserViewController.swift in Sources */,
				44D5A7BE2259541A000611F9 /* SignupViews.swift in Sources */,
				44D5A7C0225954FE000611F9 /* NameStack.swift in Sources */,
				44D5A7A722593A61000611F9 /* EndPointTypeProtocol.swift in Sources */,
				44D5A7CB22596AEC000611F9 /* BackButton.swift in Sources */,
				44D5A7B722594A9D000611F9 /* LoginButton.swift in Sources */,
				44D5A7CD2259742A000611F9 /* HomeScreen.swift in Sources */,
				44D5A7B5225944F5000611F9 /* LoginStackView.swift in Sources */,
				44D5A7A1225939CC000611F9 /* HTTPTask.swift in Sources */,
				44D5A79D22593964000611F9 /* JSONParameterEncoder.swift in Sources */,
				44D5A7BB225950FE000611F9 /* SignUpButton.swift in Sources */,
				44D5A79B22593958000611F9 /* URLParameterEcnoding.swift in Sources */,
				44D5A7A922593A9C000611F9 /* NetworkManager.swift in Sources */,
				44D5A7C522595D95000611F9 /* VolunteerViewController.swift in Sources */,
				44D5A79F225939A1000611F9 /* HTTPMethod.swift in Sources */,
				44D5A7AB225940D6000611F9 /* LoginLandingPage.swift in Sources */,
				44D5A7CF2259AFF1000611F9 /* UserModel.swift in Sources */,
				44D5A7A5225939E6000611F9 /* Router.swift in Sources */,
				44D5A7842259378D000611F9 /* ViewController.swift in Sources */,
				44D5A7C722595DA3000611F9 /* RestaurantOwnerViewController.swift in Sources */,
				44D5A7B922594E32000611F9 /* HelperExtension.swift in Sources */,
				44D5A7A3225939D1000611F9 /* NetworkRouter.swift in Sources */,
				44D5A7B02259422B000611F9 /* LandingPageViews.swift in Sources */,
				44D5A7B3225942EF000611F9 /* UserInputTextField.swift in Sources */,
				44D5A7992259393E000611F9 /* ParameterEncoding.swift in Sources */,
				44D5A7822259378D000611F9 /* AppDelegate.swift in Sources */,
				44D5A7C922595E92000611F9 /* OuterStackView.swift in Sources */,
			);
			runOnlyForDeploymentPostprocessing = 0;
		};
/* End PBXSourcesBuildPhase section */

/* Begin PBXVariantGroup section */
		44D5A78A2259378F000611F9 /* LaunchScreen.storyboard */ = {
			isa = PBXVariantGroup;
			children = (
				44D5A78B2259378F000611F9 /* Base */,
			);
			name = LaunchScreen.storyboard;
			sourceTree = "<group>";
		};
/* End PBXVariantGroup section */

/* Begin XCBuildConfiguration section */
		44D5A78E2259378F000611F9 /* Debug */ = {
			isa = XCBuildConfiguration;
			buildSettings = {
				ALWAYS_SEARCH_USER_PATHS = NO;
				CLANG_ANALYZER_NONNULL = YES;
				CLANG_ANALYZER_NUMBER_OBJECT_CONVERSION = YES_AGGRESSIVE;
				CLANG_CXX_LANGUAGE_STANDARD = "gnu++14";
				CLANG_CXX_LIBRARY = "libc++";
				CLANG_ENABLE_MODULES = YES;
				CLANG_ENABLE_OBJC_ARC = YES;
				CLANG_ENABLE_OBJC_WEAK = YES;
				CLANG_WARN_BLOCK_CAPTURE_AUTORELEASING = YES;
				CLANG_WARN_BOOL_CONVERSION = YES;
				CLANG_WARN_COMMA = YES;
				CLANG_WARN_CONSTANT_CONVERSION = YES;
				CLANG_WARN_DEPRECATED_OBJC_IMPLEMENTATIONS = YES;
				CLANG_WARN_DIRECT_OBJC_ISA_USAGE = YES_ERROR;
				CLANG_WARN_DOCUMENTATION_COMMENTS = YES;
				CLANG_WARN_EMPTY_BODY = YES;
				CLANG_WARN_ENUM_CONVERSION = YES;
				CLANG_WARN_INFINITE_RECURSION = YES;
				CLANG_WARN_INT_CONVERSION = YES;
				CLANG_WARN_NON_LITERAL_NULL_CONVERSION = YES;
				CLANG_WARN_OBJC_IMPLICIT_RETAIN_SELF = YES;
				CLANG_WARN_OBJC_LITERAL_CONVERSION = YES;
				CLANG_WARN_OBJC_ROOT_CLASS = YES_ERROR;
				CLANG_WARN_RANGE_LOOP_ANALYSIS = YES;
				CLANG_WARN_STRICT_PROTOTYPES = YES;
				CLANG_WARN_SUSPICIOUS_MOVE = YES;
				CLANG_WARN_UNGUARDED_AVAILABILITY = YES_AGGRESSIVE;
				CLANG_WARN_UNREACHABLE_CODE = YES;
				CLANG_WARN__DUPLICATE_METHOD_MATCH = YES;
				CODE_SIGN_IDENTITY = "iPhone Developer";
				COPY_PHASE_STRIP = NO;
				DEBUG_INFORMATION_FORMAT = dwarf;
				ENABLE_STRICT_OBJC_MSGSEND = YES;
				ENABLE_TESTABILITY = YES;
				GCC_C_LANGUAGE_STANDARD = gnu11;
				GCC_DYNAMIC_NO_PIC = NO;
				GCC_NO_COMMON_BLOCKS = YES;
				GCC_OPTIMIZATION_LEVEL = 0;
				GCC_PREPROCESSOR_DEFINITIONS = (
					"DEBUG=1",
					"$(inherited)",
				);
				GCC_WARN_64_TO_32_BIT_CONVERSION = YES;
				GCC_WARN_ABOUT_RETURN_TYPE = YES_ERROR;
				GCC_WARN_UNDECLARED_SELECTOR = YES;
				GCC_WARN_UNINITIALIZED_AUTOS = YES_AGGRESSIVE;
				GCC_WARN_UNUSED_FUNCTION = YES;
				GCC_WARN_UNUSED_VARIABLE = YES;
				IPHONEOS_DEPLOYMENT_TARGET = 12.2;
				MTL_ENABLE_DEBUG_INFO = INCLUDE_SOURCE;
				MTL_FAST_MATH = YES;
				ONLY_ACTIVE_ARCH = YES;
				SDKROOT = iphoneos;
				SWIFT_ACTIVE_COMPILATION_CONDITIONS = DEBUG;
				SWIFT_OPTIMIZATION_LEVEL = "-Onone";
			};
			name = Debug;
		};
		44D5A78F2259378F000611F9 /* Release */ = {
			isa = XCBuildConfiguration;
			buildSettings = {
				ALWAYS_SEARCH_USER_PATHS = NO;
				CLANG_ANALYZER_NONNULL = YES;
				CLANG_ANALYZER_NUMBER_OBJECT_CONVERSION = YES_AGGRESSIVE;
				CLANG_CXX_LANGUAGE_STANDARD = "gnu++14";
				CLANG_CXX_LIBRARY = "libc++";
				CLANG_ENABLE_MODULES = YES;
				CLANG_ENABLE_OBJC_ARC = YES;
				CLANG_ENABLE_OBJC_WEAK = YES;
				CLANG_WARN_BLOCK_CAPTURE_AUTORELEASING = YES;
				CLANG_WARN_BOOL_CONVERSION = YES;
				CLANG_WARN_COMMA = YES;
				CLANG_WARN_CONSTANT_CONVERSION = YES;
				CLANG_WARN_DEPRECATED_OBJC_IMPLEMENTATIONS = YES;
				CLANG_WARN_DIRECT_OBJC_ISA_USAGE = YES_ERROR;
				CLANG_WARN_DOCUMENTATION_COMMENTS = YES;
				CLANG_WARN_EMPTY_BODY = YES;
				CLANG_WARN_ENUM_CONVERSION = YES;
				CLANG_WARN_INFINITE_RECURSION = YES;
				CLANG_WARN_INT_CONVERSION = YES;
				CLANG_WARN_NON_LITERAL_NULL_CONVERSION = YES;
				CLANG_WARN_OBJC_IMPLICIT_RETAIN_SELF = YES;
				CLANG_WARN_OBJC_LITERAL_CONVERSION = YES;
				CLANG_WARN_OBJC_ROOT_CLASS = YES_ERROR;
				CLANG_WARN_RANGE_LOOP_ANALYSIS = YES;
				CLANG_WARN_STRICT_PROTOTYPES = YES;
				CLANG_WARN_SUSPICIOUS_MOVE = YES;
				CLANG_WARN_UNGUARDED_AVAILABILITY = YES_AGGRESSIVE;
				CLANG_WARN_UNREACHABLE_CODE = YES;
				CLANG_WARN__DUPLICATE_METHOD_MATCH = YES;
				CODE_SIGN_IDENTITY = "iPhone Developer";
				COPY_PHASE_STRIP = NO;
				DEBUG_INFORMATION_FORMAT = "dwarf-with-dsym";
				ENABLE_NS_ASSERTIONS = NO;
				ENABLE_STRICT_OBJC_MSGSEND = YES;
				GCC_C_LANGUAGE_STANDARD = gnu11;
				GCC_NO_COMMON_BLOCKS = YES;
				GCC_WARN_64_TO_32_BIT_CONVERSION = YES;
				GCC_WARN_ABOUT_RETURN_TYPE = YES_ERROR;
				GCC_WARN_UNDECLARED_SELECTOR = YES;
				GCC_WARN_UNINITIALIZED_AUTOS = YES_AGGRESSIVE;
				GCC_WARN_UNUSED_FUNCTION = YES;
				GCC_WARN_UNUSED_VARIABLE = YES;
				IPHONEOS_DEPLOYMENT_TARGET = 12.2;
				MTL_ENABLE_DEBUG_INFO = NO;
				MTL_FAST_MATH = YES;
				SDKROOT = iphoneos;
				SWIFT_COMPILATION_MODE = wholemodule;
				SWIFT_OPTIMIZATION_LEVEL = "-O";
				VALIDATE_PRODUCT = YES;
			};
			name = Release;
		};
		44D5A7912259378F000611F9 /* Debug */ = {
			isa = XCBuildConfiguration;
			buildSettings = {
				ASSETCATALOG_COMPILER_APPICON_NAME = AppIcon;
				CODE_SIGN_STYLE = Automatic;
				DEVELOPMENT_TEAM = XYLZ368J9Q;
				INFOPLIST_FILE = ZeroHungerSF/Info.plist;
				LD_RUNPATH_SEARCH_PATHS = (
					"$(inherited)",
					"@executable_path/Frameworks",
				);
				PRODUCT_BUNDLE_IDENTIFIER = co.jacksonHo.ZeroHungerSF;
				PRODUCT_NAME = "$(TARGET_NAME)";
				SWIFT_VERSION = 5.0;
				TARGETED_DEVICE_FAMILY = "1,2";
			};
			name = Debug;
		};
		44D5A7922259378F000611F9 /* Release */ = {
			isa = XCBuildConfiguration;
			buildSettings = {
				ASSETCATALOG_COMPILER_APPICON_NAME = AppIcon;
				CODE_SIGN_STYLE = Automatic;
				DEVELOPMENT_TEAM = XYLZ368J9Q;
				INFOPLIST_FILE = ZeroHungerSF/Info.plist;
				LD_RUNPATH_SEARCH_PATHS = (
					"$(inherited)",
					"@executable_path/Frameworks",
				);
				PRODUCT_BUNDLE_IDENTIFIER = co.jacksonHo.ZeroHungerSF;
				PRODUCT_NAME = "$(TARGET_NAME)";
				SWIFT_VERSION = 5.0;
				TARGETED_DEVICE_FAMILY = "1,2";
			};
			name = Release;
		};
/* End XCBuildConfiguration section */

/* Begin XCConfigurationList section */
		44D5A7792259378C000611F9 /* Build configuration list for PBXProject "ZeroHungerSF" */ = {
			isa = XCConfigurationList;
			buildConfigurations = (
				44D5A78E2259378F000611F9 /* Debug */,
				44D5A78F2259378F000611F9 /* Release */,
			);
			defaultConfigurationIsVisible = 0;
			defaultConfigurationName = Release;
		};
		44D5A7902259378F000611F9 /* Build configuration list for PBXNativeTarget "ZeroHungerSF" */ = {
			isa = XCConfigurationList;
			buildConfigurations = (
				44D5A7912259378F000611F9 /* Debug */,
				44D5A7922259378F000611F9 /* Release */,
			);
			defaultConfigurationIsVisible = 0;
			defaultConfigurationName = Release;
		};
/* End XCConfigurationList section */
	};
	rootObject = 44D5A7762259378C000611F9 /* Project object */;
}
